<?xml version="1.0" encoding="utf-8"?>
<Project ToolsVersion="4.0" xmlns="http://schemas.microsoft.com/developer/msbuild/2003">
  <ItemGroup>
    <Filter Include="Source Files">
      <UniqueIdentifier>{4FC737F1-C7A5-4376-A066-2A32D752A2FF}</UniqueIdentifier>
      <Extensions>cpp;c;cc;cxx;def;odl;idl;hpj;bat;asm;asmx</Extensions>
    </Filter>
    <Filter Include="Header Files">
      <UniqueIdentifier>{93995380-89BD-4b04-88EB-625FBE52EBFB}</UniqueIdentifier>
      <Extensions>h;hh;hpp;hxx;hm;inl;inc;xsd</Extensions>
    </Filter>
    <Filter Include="Resource Files">
      <UniqueIdentifier>{67DA6AB6-F800-4c08-8B7A-83BB121AAD01}</UniqueIdentifier>
      <Extensions>rc;ico;cur;bmp;dlg;rc2;rct;bin;rgs;gif;jpg;jpeg;jpe;resx;tiff;tif;png;wav;mfcribbon-ms</Extensions>
    </Filter>
  </ItemGroup>
  <ItemGroup>
    <ClCompile Include="DllMain.cpp">
      <Filter>Source Files</Filter>
    </ClCompile>
    <ClCompile Include="Core.cpp">
      <Filter>Source Files</Filter>
    </ClCompile>
    <ClCompile Include="HookManager.cpp">
      <Filter>Source Files</Filter>
    </ClCompile>
    <ClCompile Include="Utils.cpp">
      <Filter>Source Files</Filter>
    </ClCompile>
    <ClCompile Include="PatternFinder.cpp">
      <Filter>Source Files</Filter>
    </ClCompile>
    <ClCompile Include="TFL_HT.cpp">
      <Filter>Source Files</Filter>
    </ClCompile>
    <ClCompile Include="LogManager.cpp">
      <Filter>Source Files</Filter>
    </ClCompile>
    <ClCompile Include="RL\SDK\RL_Basic.cpp">
      <Filter>Resource Files</Filter>
    </ClCompile>
    <ClCompile Include="RL\SDK\RL_Core_functions.cpp">
      <Filter>Resource Files</Filter>
    </ClCompile>
    <ClCompile Include="RL\SDK\RL_Engine_functions.cpp">
      <Filter>Resource Files</Filter>
    </ClCompile>
    <ClCompile Include="RL\SDK\RL_GameFramework_functions.cpp">
      <Filter>Resource Files</Filter>
    </ClCompile>
    <ClCompile Include="RL\SDK\RL_GFxUI_functions.cpp">
      <Filter>Resource Files</Filter>
    </ClCompile>
    <ClCompile Include="RL\SDK\RL_IpDrv_functions.cpp">
      <Filter>Resource Files</Filter>
    </ClCompile>
    <ClCompile Include="RL\SDK\RL_OnlineSubsystemSteamworks_functions.cpp">
      <Filter>Resource Files</Filter>
    </ClCompile>
    <ClCompile Include="RL\SDK\RL_ProjectX_functions.cpp">
      <Filter>Resource Files</Filter>
    </ClCompile>
    <ClCompile Include="RL\SDK\RL_TAGame_functions.cpp">
      <Filter>Resource Files</Filter>
    </ClCompile>
    <ClCompile Include="RL\SDK\RL_WinDrv_functions.cpp">
      <Filter>Resource Files</Filter>
    </ClCompile>
    <ClCompile Include="RL\SDK\RL_XAudio2_functions.cpp">
      <Filter>Resource Files</Filter>
    </ClCompile>
    <ClCompile Include="Wrapper.cpp">
      <Filter>Source Files</Filter>
    </ClCompile>
    <ClCompile Include="ModHandler.cpp">
      <Filter>Source Files</Filter>
    </ClCompile>
    <ClCompile Include="TestClass.cpp">
      <Filter>Source Files</Filter>
    </ClCompile>
    <ClCompile Include="EventManager.cpp">
      <Filter>Source Files</Filter>
    </ClCompile>
  </ItemGroup>
  <ItemGroup>
    <ClInclude Include="Core.h">
      <Filter>Header Files</Filter>
    </ClInclude>
    <ClInclude Include="HookManager.h">
      <Filter>Header Files</Filter>
    </ClInclude>
    <ClInclude Include="Utils.h">
      <Filter>Header Files</Filter>
    </ClInclude>
    <ClInclude Include="PatternFinder.h">
      <Filter>Header Files</Filter>
    </ClInclude>
    <ClInclude Include="TFL_HT.h">
      <Filter>Header Files</Filter>
    </ClInclude>
    <ClInclude Include="SDKDefines.h">
      <Filter>Header Files</Filter>
    </ClInclude>
    <ClInclude Include="detours.h">
      <Filter>Header Files</Filter>
    </ClInclude>
    <ClInclude Include="LogManager.h">
      <Filter>Header Files</Filter>
    </ClInclude>
    <ClInclude Include="ObjectInitializer.h">
      <Filter>Header Files</Filter>
    </ClInclude>
    <ClInclude Include="RL\SDK\RL_XAudio2_structs.hpp">
      <Filter>Resource Files</Filter>
    </ClInclude>
    <ClInclude Include="RL\SDK\RL_AkAudio_parameters.hpp">
      <Filter>Resource Files</Filter>
    </ClInclude>
    <ClInclude Include="RL\SDK\RL_AkAudio_structs.hpp">
      <Filter>Resource Files</Filter>
    </ClInclude>
    <ClInclude Include="RL\SDK\RL_Basic.hpp">
      <Filter>Resource Files</Filter>
    </ClInclude>
    <ClInclude Include="RL\SDK\RL_Core_classes.hpp">
      <Filter>Resource Files</Filter>
    </ClInclude>
    <ClInclude Include="RL\SDK\RL_Core_parameters.hpp">
      <Filter>Resource Files</Filter>
    </ClInclude>
    <ClInclude Include="RL\SDK\RL_Core_structs.hpp">
      <Filter>Resource Files</Filter>
    </ClInclude>
    <ClInclude Include="RL\SDK\RL_Engine_classes.hpp">
      <Filter>Resource Files</Filter>
    </ClInclude>
    <ClInclude Include="RL\SDK\RL_Engine_parameters.hpp">
      <Filter>Resource Files</Filter>
    </ClInclude>
    <ClInclude Include="RL\SDK\RL_Engine_structs.hpp">
      <Filter>Resource Files</Filter>
    </ClInclude>
    <ClInclude Include="RL\SDK\RL_GameFramework_classes.hpp">
      <Filter>Resource Files</Filter>
    </ClInclude>
    <ClInclude Include="RL\SDK\RL_GameFramework_parameters.hpp">
      <Filter>Resource Files</Filter>
    </ClInclude>
    <ClInclude Include="RL\SDK\RL_GameFramework_structs.hpp">
      <Filter>Resource Files</Filter>
    </ClInclude>
    <ClInclude Include="RL\SDK\RL_GFxUI_classes.hpp">
      <Filter>Resource Files</Filter>
    </ClInclude>
    <ClInclude Include="RL\SDK\RL_GFxUI_parameters.hpp">
      <Filter>Resource Files</Filter>
    </ClInclude>
    <ClInclude Include="RL\SDK\RL_GFxUI_structs.hpp">
      <Filter>Resource Files</Filter>
    </ClInclude>
    <ClInclude Include="RL\SDK\RL_IpDrv_classes.hpp">
      <Filter>Resource Files</Filter>
    </ClInclude>
    <ClInclude Include="RL\SDK\RL_IpDrv_parameters.hpp">
      <Filter>Resource Files</Filter>
    </ClInclude>
    <ClInclude Include="RL\SDK\RL_IpDrv_structs.hpp">
      <Filter>Resource Files</Filter>
    </ClInclude>
    <ClInclude Include="RL\SDK\RL_OnlineSubsystemSteamworks_classes.hpp">
      <Filter>Resource Files</Filter>
    </ClInclude>
    <ClInclude Include="RL\SDK\RL_OnlineSubsystemSteamworks_parameters.hpp">
      <Filter>Resource Files</Filter>
    </ClInclude>
    <ClInclude Include="RL\SDK\RL_OnlineSubsystemSteamworks_structs.hpp">
      <Filter>Resource Files</Filter>
    </ClInclude>
    <ClInclude Include="RL\SDK\RL_ProjectX_classes.hpp">
      <Filter>Resource Files</Filter>
    </ClInclude>
    <ClInclude Include="RL\SDK\RL_ProjectX_parameters.hpp">
      <Filter>Resource Files</Filter>
    </ClInclude>
    <ClInclude Include="RL\SDK\RL_ProjectX_structs.hpp">
      <Filter>Resource Files</Filter>
    </ClInclude>
    <ClInclude Include="RL\SDK\RL_TAGame_classes.hpp">
      <Filter>Resource Files</Filter>
    </ClInclude>
    <ClInclude Include="RL\SDK\RL_TAGame_parameters.hpp">
      <Filter>Resource Files</Filter>
    </ClInclude>
    <ClInclude Include="RL\SDK\RL_TAGame_structs.hpp">
      <Filter>Resource Files</Filter>
    </ClInclude>
    <ClInclude Include="RL\SDK\RL_WinDrv_classes.hpp">
      <Filter>Resource Files</Filter>
    </ClInclude>
    <ClInclude Include="RL\SDK\RL_WinDrv_parameters.hpp">
      <Filter>Resource Files</Filter>
    </ClInclude>
    <ClInclude Include="RL\SDK\RL_WinDrv_structs.hpp">
      <Filter>Resource Files</Filter>
    </ClInclude>
    <ClInclude Include="RL\SDK\RL_XAudio2_classes.hpp">
      <Filter>Resource Files</Filter>
    </ClInclude>
    <ClInclude Include="RL\SDK\RL_XAudio2_parameters.hpp">
      <Filter>Resource Files</Filter>
    </ClInclude>
    <ClInclude Include="Wrapper.h">
      <Filter>Header Files</Filter>
    </ClInclude>
    <ClInclude Include="ModBase.h">
      <Filter>Header Files</Filter>
    </ClInclude>
    <ClInclude Include="ModHandler.h">
      <Filter>Header Files</Filter>
    </ClInclude>
    <ClInclude Include="TestClass.h">
      <Filter>Header Files</Filter>
    </ClInclude>
    <ClInclude Include="EventManager.h">
      <Filter>Header Files</Filter>
    </ClInclude>
  </ItemGroup>
</Project>