
Microsoft Visual Studio Solution File, Format Version 12.00
# Visual Studio 15
VisualStudioVersion = 15.0.26430.15
MinimumVisualStudioVersion = 10.0.40219.1
Project("{8BC9CEB8-8B4A-11D0-8D11-00A0C91BC942}") = "RLModding", "RLModding\RLModding.vcxproj", "{9EA21FF4-4227-43B9-98B6-0F3F67F30B6A}"
EndProject
Global
	GlobalSection(SolutionConfigurationPlatforms) = preSolution
		Build With Test Class|x64 = Build With Test Class|x64
		Build With Test Class|x86 = Build With Test Class|x86
		Console Build|x64 = Console Build|x64
		Console Build|x86 = Console Build|x86
		Debug|x64 = Debug|x64
		Debug|x86 = Debug|x86
		File Output Build|x64 = File Output Build|x64
		File Output Build|x86 = File Output Build|x86
		Release|x64 = Release|x64
		Release|x86 = Release|x86
	EndGlobalSection
	GlobalSection(ProjectConfigurationPlatforms) = postSolution
		{9EA21FF4-4227-43B9-98B6-0F3F67F30B6A}.Build With Test Class|x64.ActiveCfg = Build With Test Class|x64
		{9EA21FF4-4227-43B9-98B6-0F3F67F30B6A}.Build With Test Class|x64.Build.0 = Build With Test Class|x64
		{9EA21FF4-4227-43B9-98B6-0F3F67F30B6A}.Build With Test Class|x86.ActiveCfg = Console Build|Win32
		{9EA21FF4-4227-43B9-98B6-0F3F67F30B6A}.Build With Test Class|x86.Build.0 = Console Build|Win32
		{9EA21FF4-4227-43B9-98B6-0F3F67F30B6A}.Console Build|x64.ActiveCfg = Console Build|x64
		{9EA21FF4-4227-43B9-98B6-0F3F67F30B6A}.Console Build|x64.Build.0 = Console Build|x64
		{9EA21FF4-4227-43B9-98B6-0F3F67F30B6A}.Console Build|x86.ActiveCfg = Console Build|Win32
		{9EA21FF4-4227-43B9-98B6-0F3F67F30B6A}.Console Build|x86.Build.0 = Console Build|Win32
		{9EA21FF4-4227-43B9-98B6-0F3F67F30B6A}.Debug|x64.ActiveCfg = Debug|x64
		{9EA21FF4-4227-43B9-98B6-0F3F67F30B6A}.Debug|x64.Build.0 = Debug|x64
		{9EA21FF4-4227-43B9-98B6-0F3F67F30B6A}.Debug|x86.ActiveCfg = Debug|Win32
		{9EA21FF4-4227-43B9-98B6-0F3F67F30B6A}.Debug|x86.Build.0 = Debug|Win32
		{9EA21FF4-4227-43B9-98B6-0F3F67F30B6A}.File Output Build|x64.ActiveCfg = File Output Build|x64
		{9EA21FF4-4227-43B9-98B6-0F3F67F30B6A}.File Output Build|x64.Build.0 = File Output Build|x64
		{9EA21FF4-4227-43B9-98B6-0F3F67F30B6A}.File Output Build|x86.ActiveCfg = File Output Build|Win32
		{9EA21FF4-4227-43B9-98B6-0F3F67F30B6A}.File Output Build|x86.Build.0 = File Output Build|Win32
		{9EA21FF4-4227-43B9-98B6-0F3F67F30B6A}.Release|x64.ActiveCfg = Release|x64
		{9EA21FF4-4227-43B9-98B6-0F3F67F30B6A}.Release|x64.Build.0 = Release|x64
		{9EA21FF4-4227-43B9-98B6-0F3F67F30B6A}.Release|x86.ActiveCfg = Release|Win32
		{9EA21FF4-4227-43B9-98B6-0F3F67F30B6A}.Release|x86.Build.0 = Release|Win32
	EndGlobalSection
	GlobalSection(SolutionProperties) = preSolution
		HideSolutionNode = FALSE
	EndGlobalSection
EndGlobal
